
Microsoft Visual Studio Solution File, Format Version 12.00
# Visual Studio Version 16
VisualStudioVersion = 16.0.31019.35
MinimumVisualStudioVersion = 10.0.40219.1
Project("{9A19103F-16F7-4668-BE54-9A1E7A4F7556}") = "Games.WebApi", "Games.WebApi\Games.WebApi.csproj", "{FACCF367-0489-4682-963C-73C9ED73E8D7}"
EndProject
Project("{9A19103F-16F7-4668-BE54-9A1E7A4F7556}") = "Games.DB", "Games.DB\Games.DB.csproj", "{1BE185D6-AF79-419F-A711-F2AC71EDD661}"
EndProject
Project("{FAE04EC0-301F-11D3-BF4B-00C04F79EFBC}") = "Games.Core", "Games.Core\Games.Core.csproj", "{9E9ADD3B-7CC1-4679-B30F-068F84F2E91B}"
EndProject
Global
	GlobalSection(SolutionConfigurationPlatforms) = preSolution
		Debug|Any CPU = Debug|Any CPU
		Release|Any CPU = Release|Any CPU
	EndGlobalSection
	GlobalSection(ProjectConfigurationPlatforms) = postSolution
		{FACCF367-0489-4682-963C-73C9ED73E8D7}.Debug|Any CPU.ActiveCfg = Debug|Any CPU
		{FACCF367-0489-4682-963C-73C9ED73E8D7}.Debug|Any CPU.Build.0 = Debug|Any CPU
		{FACCF367-0489-4682-963C-73C9ED73E8D7}.Release|Any CPU.ActiveCfg = Release|Any CPU
		{FACCF367-0489-4682-963C-73C9ED73E8D7}.Release|Any CPU.Build.0 = Release|Any CPU
		{1BE185D6-AF79-419F-A711-F2AC71EDD661}.Debug|Any CPU.ActiveCfg = Debug|Any CPU
		{1BE185D6-AF79-419F-A711-F2AC71EDD661}.Debug|Any CPU.Build.0 = Debug|Any CPU
		{1BE185D6-AF79-419F-A711-F2AC71EDD661}.Release|Any CPU.ActiveCfg = Release|Any CPU
		{1BE185D6-AF79-419F-A711-F2AC71EDD661}.Release|Any CPU.Build.0 = Release|Any CPU
		{9E9ADD3B-7CC1-4679-B30F-068F84F2E91B}.Debug|Any CPU.ActiveCfg = Debug|Any CPU
		{9E9ADD3B-7CC1-4679-B30F-068F84F2E91B}.Debug|Any CPU.Build.0 = Debug|Any CPU
		{9E9ADD3B-7CC1-4679-B30F-068F84F2E91B}.Release|Any CPU.ActiveCfg = Release|Any CPU
		{9E9ADD3B-7CC1-4679-B30F-068F84F2E91B}.Release|Any CPU.Build.0 = Release|Any CPU
	EndGlobalSection
	GlobalSection(SolutionProperties) = preSolution
		HideSolutionNode = FALSE
	EndGlobalSection
	GlobalSection(ExtensibilityGlobals) = postSolution
		SolutionGuid = {C8CA8D2A-BC00-4CDA-9106-B43CDE612E28}
	EndGlobalSection
EndGlobal
